PODS:
  - ADMobGenAdapter (1.1.5):
    - ADMobGenFoundation
  - ADMobGenFoundation (0.4.0)
  - ADMobGenYD (0.5.2):
    - ADMobGenAdapter

DEPENDENCIES:
  - ADMobGenYD (from `../`)

SPEC REPOS:
  https://github.com/cocoapods/specs.git:
    - ADMobGenAdapter
    - ADMobGenFoundation

EXTERNAL SOURCES:
  ADMobGenYD:
    :path: "../"

SPEC CHECKSUMS:
  ADMobGenAdapter: d536373772cc44fd5dc926899f157b54c7820dda
  ADMobGenFoundation: 1778d376ad8513a7236a57d025985ba815f03d16
  ADMobGenYD: 79eb684a2d44ebf9bbd94a3eed693625718a2069

PODFILE CHECKSUM: 0326bdbf9573ad41f12a87891db221757a263bf2

COCOAPODS: 1.5.3
